
Microsoft Visual Studio Solution File, Format Version 12.00
# Visual Studio Version 16
VisualStudioVersion = 16.0.31129.286
MinimumVisualStudioVersion = 10.0.40219.1
Project("{9A19103F-16F7-4668-BE54-9A1E7A4F7556}") = "DIO.Series", "DIO.Series\DIO.Series.csproj", "{BB441575-A25C-4CA1-9D63-7FE9397C7FE3}"
EndProject
Project("{FAE04EC0-301F-11D3-BF4B-00C04F79EFBC}") = "DIO.Series.Console", "DIO.Series.Console\DIO.Series.Console.csproj", "{8BD54000-568E-4914-ACA5-6DBBADF2F5EC}"
EndProject
Project("{FAE04EC0-301F-11D3-BF4B-00C04F79EFBC}") = "DIO.Series.Web", "DIO.Series.Web\DIO.Series.Web.csproj", "{6DB45112-DB34-4B38-983E-55BEB766786C}"
EndProject
Global
	GlobalSection(SolutionConfigurationPlatforms) = preSolution
		Debug|Any CPU = Debug|Any CPU
		Release|Any CPU = Release|Any CPU
	EndGlobalSection
	GlobalSection(ProjectConfigurationPlatforms) = postSolution
		{BB441575-A25C-4CA1-9D63-7FE9397C7FE3}.Debug|Any CPU.ActiveCfg = Debug|Any CPU
		{BB441575-A25C-4CA1-9D63-7FE9397C7FE3}.Debug|Any CPU.Build.0 = Debug|Any CPU
		{BB441575-A25C-4CA1-9D63-7FE9397C7FE3}.Release|Any CPU.ActiveCfg = Release|Any CPU
		{BB441575-A25C-4CA1-9D63-7FE9397C7FE3}.Release|Any CPU.Build.0 = Release|Any CPU
		{8BD54000-568E-4914-ACA5-6DBBADF2F5EC}.Debug|Any CPU.ActiveCfg = Debug|Any CPU
		{8BD54000-568E-4914-ACA5-6DBBADF2F5EC}.Debug|Any CPU.Build.0 = Debug|Any CPU
		{8BD54000-568E-4914-ACA5-6DBBADF2F5EC}.Release|Any CPU.ActiveCfg = Release|Any CPU
		{8BD54000-568E-4914-ACA5-6DBBADF2F5EC}.Release|Any CPU.Build.0 = Release|Any CPU
		{6DB45112-DB34-4B38-983E-55BEB766786C}.Debug|Any CPU.ActiveCfg = Debug|Any CPU
		{6DB45112-DB34-4B38-983E-55BEB766786C}.Debug|Any CPU.Build.0 = Debug|Any CPU
		{6DB45112-DB34-4B38-983E-55BEB766786C}.Release|Any CPU.ActiveCfg = Release|Any CPU
		{6DB45112-DB34-4B38-983E-55BEB766786C}.Release|Any CPU.Build.0 = Release|Any CPU
	EndGlobalSection
	GlobalSection(SolutionProperties) = preSolution
		HideSolutionNode = FALSE
	EndGlobalSection
	GlobalSection(ExtensibilityGlobals) = postSolution
		SolutionGuid = {3082AA74-3C8D-40FE-89C5-A4FECC192A10}
	EndGlobalSection
EndGlobal
